<?xml version="1.0" encoding="utf-8"?>
<Project ToolsVersion="15.0" xmlns="http://schemas.microsoft.com/developer/msbuild/2003">
  <ItemGroup>
    <ClCompile Include="Q:\workspace\cpp\Spacewar\engine\view\main_view.cpp">
      <Filter>Source Files</Filter>
    </ClCompile>
    <ClCompile Include="Q:\workspace\cpp\Spacewar\engine\view\visualiser_context.cpp">
      <Filter>Source Files</Filter>
    </ClCompile>
    <ClCompile Include="Q:\workspace\cpp\Spacewar\engine\view\visualisers\particle_system_visualiser.cpp">
      <Filter>Source Files</Filter>
    </ClCompile>
  </ItemGroup>
  <ItemGroup>
    <ClInclude Include="Q:\workspace\cpp\Spacewar\engine\view\i_visualiser.h">
      <Filter>Header Files</Filter>
    </ClInclude>
    <ClInclude Include="Q:\workspace\cpp\Spacewar\engine\view\i_visualiser_context.h">
      <Filter>Header Files</Filter>
    </ClInclude>
    <ClInclude Include="Q:\workspace\cpp\Spacewar\engine\view\main_view.h">
      <Filter>Header Files</Filter>
    </ClInclude>
    <ClInclude Include="Q:\workspace\cpp\Spacewar\engine\view\visualiser_context.h">
      <Filter>Header Files</Filter>
    </ClInclude>
    <ClInclude Include="Q:\workspace\cpp\Spacewar\engine\view\visualisers\particle_system_visualiser.h">
      <Filter>Header Files</Filter>
    </ClInclude>
  </ItemGroup>
  <ItemGroup>
    <CustomBuild Include="Q:\workspace\cpp\Spacewar\engine\view\CMakeLists.txt" />
  </ItemGroup>
  <ItemGroup>
    <Filter Include="Header Files">
      <UniqueIdentifier>{B04F3935-4720-31BA-B437-1B06F6033FF3}</UniqueIdentifier>
    </Filter>
    <Filter Include="Source Files">
      <UniqueIdentifier>{CE1D8B2B-B927-309E-8ECC-4A8B372D24FC}</UniqueIdentifier>
    </Filter>
  </ItemGroup>
</Project>
