
Microsoft Visual Studio Solution File, Format Version 12.00
# Visual Studio 15
Project("{8BC9CEB8-8B4A-11D0-8D11-00A0C91BC942}") = "ALL_BUILD", "ALL_BUILD.vcxproj", "{38AF7F0B-8CD8-300C-9A06-2D7B2C91ED9A}"
	ProjectSection(ProjectDependencies) = postProject
		{6F770FB8-5AC6-36A8-B5B2-CD56E1C5B37B} = {6F770FB8-5AC6-36A8-B5B2-CD56E1C5B37B}
		{EA8A5DBD-1B91-3BC2-B428-3768F27A3B23} = {EA8A5DBD-1B91-3BC2-B428-3768F27A3B23}
		{DE60DE4D-9ADA-37D8-9D8B-79939CE2435A} = {DE60DE4D-9ADA-37D8-9D8B-79939CE2435A}
		{96D3DA3B-01F1-33C5-A779-57D503E45928} = {96D3DA3B-01F1-33C5-A779-57D503E45928}
		{1B668BF8-AC36-32C1-ABD0-D82A0D7B9B55} = {1B668BF8-AC36-32C1-ABD0-D82A0D7B9B55}
		{B6193EE8-D7D6-396E-B0E0-5B76521E5D51} = {B6193EE8-D7D6-396E-B0E0-5B76521E5D51}
		{1FF6DCE6-5F3B-3C0D-9B5F-F6EF573DF014} = {1FF6DCE6-5F3B-3C0D-9B5F-F6EF573DF014}
		{7C38ECAB-7236-38AB-8831-8437DE4ADD6E} = {7C38ECAB-7236-38AB-8831-8437DE4ADD6E}
		{C7CCB374-0CAD-34B6-A932-9135282897E8} = {C7CCB374-0CAD-34B6-A932-9135282897E8}
		{D0764273-B68A-363C-AEE9-32659F5CBDE4} = {D0764273-B68A-363C-AEE9-32659F5CBDE4}
		{18CEFA2E-3C75-3269-A375-9E4170B0E745} = {18CEFA2E-3C75-3269-A375-9E4170B0E745}
	EndProjectSection
EndProject
Project("{8BC9CEB8-8B4A-11D0-8D11-00A0C91BC942}") = "Controller", "engine\controller\Controller.vcxproj", "{6F770FB8-5AC6-36A8-B5B2-CD56E1C5B37B}"
	ProjectSection(ProjectDependencies) = postProject
		{C7CCB374-0CAD-34B6-A932-9135282897E8} = {C7CCB374-0CAD-34B6-A932-9135282897E8}
	EndProjectSection
EndProject
Project("{8BC9CEB8-8B4A-11D0-8D11-00A0C91BC942}") = "Ecs_test", "tests\engine\ecs\Ecs_test.vcxproj", "{EA8A5DBD-1B91-3BC2-B428-3768F27A3B23}"
	ProjectSection(ProjectDependencies) = postProject
		{C7CCB374-0CAD-34B6-A932-9135282897E8} = {C7CCB374-0CAD-34B6-A932-9135282897E8}
		{D0764273-B68A-363C-AEE9-32659F5CBDE4} = {D0764273-B68A-363C-AEE9-32659F5CBDE4}
		{18CEFA2E-3C75-3269-A375-9E4170B0E745} = {18CEFA2E-3C75-3269-A375-9E4170B0E745}
	EndProjectSection
EndProject
Project("{8BC9CEB8-8B4A-11D0-8D11-00A0C91BC942}") = "Engine", "engine\Engine.vcxproj", "{DE60DE4D-9ADA-37D8-9D8B-79939CE2435A}"
	ProjectSection(ProjectDependencies) = postProject
		{6F770FB8-5AC6-36A8-B5B2-CD56E1C5B37B} = {6F770FB8-5AC6-36A8-B5B2-CD56E1C5B37B}
		{B6193EE8-D7D6-396E-B0E0-5B76521E5D51} = {B6193EE8-D7D6-396E-B0E0-5B76521E5D51}
		{7C38ECAB-7236-38AB-8831-8437DE4ADD6E} = {7C38ECAB-7236-38AB-8831-8437DE4ADD6E}
		{C7CCB374-0CAD-34B6-A932-9135282897E8} = {C7CCB374-0CAD-34B6-A932-9135282897E8}
	EndProjectSection
EndProject
Project("{8BC9CEB8-8B4A-11D0-8D11-00A0C91BC942}") = "Game", "game\Game.vcxproj", "{96D3DA3B-01F1-33C5-A779-57D503E45928}"
	ProjectSection(ProjectDependencies) = postProject
		{6F770FB8-5AC6-36A8-B5B2-CD56E1C5B37B} = {6F770FB8-5AC6-36A8-B5B2-CD56E1C5B37B}
		{DE60DE4D-9ADA-37D8-9D8B-79939CE2435A} = {DE60DE4D-9ADA-37D8-9D8B-79939CE2435A}
		{B6193EE8-D7D6-396E-B0E0-5B76521E5D51} = {B6193EE8-D7D6-396E-B0E0-5B76521E5D51}
		{7C38ECAB-7236-38AB-8831-8437DE4ADD6E} = {7C38ECAB-7236-38AB-8831-8437DE4ADD6E}
		{C7CCB374-0CAD-34B6-A932-9135282897E8} = {C7CCB374-0CAD-34B6-A932-9135282897E8}
	EndProjectSection
EndProject
Project("{8BC9CEB8-8B4A-11D0-8D11-00A0C91BC942}") = "Game_test", "tests\game\Game_test.vcxproj", "{1B668BF8-AC36-32C1-ABD0-D82A0D7B9B55}"
	ProjectSection(ProjectDependencies) = postProject
		{6F770FB8-5AC6-36A8-B5B2-CD56E1C5B37B} = {6F770FB8-5AC6-36A8-B5B2-CD56E1C5B37B}
		{DE60DE4D-9ADA-37D8-9D8B-79939CE2435A} = {DE60DE4D-9ADA-37D8-9D8B-79939CE2435A}
		{96D3DA3B-01F1-33C5-A779-57D503E45928} = {96D3DA3B-01F1-33C5-A779-57D503E45928}
		{B6193EE8-D7D6-396E-B0E0-5B76521E5D51} = {B6193EE8-D7D6-396E-B0E0-5B76521E5D51}
		{7C38ECAB-7236-38AB-8831-8437DE4ADD6E} = {7C38ECAB-7236-38AB-8831-8437DE4ADD6E}
		{C7CCB374-0CAD-34B6-A932-9135282897E8} = {C7CCB374-0CAD-34B6-A932-9135282897E8}
		{D0764273-B68A-363C-AEE9-32659F5CBDE4} = {D0764273-B68A-363C-AEE9-32659F5CBDE4}
		{18CEFA2E-3C75-3269-A375-9E4170B0E745} = {18CEFA2E-3C75-3269-A375-9E4170B0E745}
	EndProjectSection
EndProject
Project("{8BC9CEB8-8B4A-11D0-8D11-00A0C91BC942}") = "Model", "engine\model\Model.vcxproj", "{B6193EE8-D7D6-396E-B0E0-5B76521E5D51}"
	ProjectSection(ProjectDependencies) = postProject
		{C7CCB374-0CAD-34B6-A932-9135282897E8} = {C7CCB374-0CAD-34B6-A932-9135282897E8}
	EndProjectSection
EndProject
Project("{8BC9CEB8-8B4A-11D0-8D11-00A0C91BC942}") = "Spacewar", "Spacewar.vcxproj", "{1FF6DCE6-5F3B-3C0D-9B5F-F6EF573DF014}"
	ProjectSection(ProjectDependencies) = postProject
		{6F770FB8-5AC6-36A8-B5B2-CD56E1C5B37B} = {6F770FB8-5AC6-36A8-B5B2-CD56E1C5B37B}
		{DE60DE4D-9ADA-37D8-9D8B-79939CE2435A} = {DE60DE4D-9ADA-37D8-9D8B-79939CE2435A}
		{96D3DA3B-01F1-33C5-A779-57D503E45928} = {96D3DA3B-01F1-33C5-A779-57D503E45928}
		{B6193EE8-D7D6-396E-B0E0-5B76521E5D51} = {B6193EE8-D7D6-396E-B0E0-5B76521E5D51}
		{7C38ECAB-7236-38AB-8831-8437DE4ADD6E} = {7C38ECAB-7236-38AB-8831-8437DE4ADD6E}
		{C7CCB374-0CAD-34B6-A932-9135282897E8} = {C7CCB374-0CAD-34B6-A932-9135282897E8}
	EndProjectSection
EndProject
Project("{8BC9CEB8-8B4A-11D0-8D11-00A0C91BC942}") = "View", "engine\view\View.vcxproj", "{7C38ECAB-7236-38AB-8831-8437DE4ADD6E}"
	ProjectSection(ProjectDependencies) = postProject
		{B6193EE8-D7D6-396E-B0E0-5B76521E5D51} = {B6193EE8-D7D6-396E-B0E0-5B76521E5D51}
		{C7CCB374-0CAD-34B6-A932-9135282897E8} = {C7CCB374-0CAD-34B6-A932-9135282897E8}
	EndProjectSection
EndProject
Project("{8BC9CEB8-8B4A-11D0-8D11-00A0C91BC942}") = "ZERO_CHECK", "ZERO_CHECK.vcxproj", "{C7CCB374-0CAD-34B6-A932-9135282897E8}"
	ProjectSection(ProjectDependencies) = postProject
	EndProjectSection
EndProject
Project("{8BC9CEB8-8B4A-11D0-8D11-00A0C91BC942}") = "gtest", "tests\googletest-1.7.0\gtest.vcxproj", "{D0764273-B68A-363C-AEE9-32659F5CBDE4}"
	ProjectSection(ProjectDependencies) = postProject
		{C7CCB374-0CAD-34B6-A932-9135282897E8} = {C7CCB374-0CAD-34B6-A932-9135282897E8}
	EndProjectSection
EndProject
Project("{8BC9CEB8-8B4A-11D0-8D11-00A0C91BC942}") = "gtest_main", "tests\googletest-1.7.0\gtest_main.vcxproj", "{18CEFA2E-3C75-3269-A375-9E4170B0E745}"
	ProjectSection(ProjectDependencies) = postProject
		{C7CCB374-0CAD-34B6-A932-9135282897E8} = {C7CCB374-0CAD-34B6-A932-9135282897E8}
		{D0764273-B68A-363C-AEE9-32659F5CBDE4} = {D0764273-B68A-363C-AEE9-32659F5CBDE4}
	EndProjectSection
EndProject
Global
	GlobalSection(SolutionConfigurationPlatforms) = preSolution
		Debug|Win32 = Debug|Win32
		Release|Win32 = Release|Win32
		MinSizeRel|Win32 = MinSizeRel|Win32
		RelWithDebInfo|Win32 = RelWithDebInfo|Win32
	EndGlobalSection
	GlobalSection(ProjectConfigurationPlatforms) = postSolution
		{38AF7F0B-8CD8-300C-9A06-2D7B2C91ED9A}.Debug|Win32.ActiveCfg = Debug|Win32
		{38AF7F0B-8CD8-300C-9A06-2D7B2C91ED9A}.Release|Win32.ActiveCfg = Release|Win32
		{38AF7F0B-8CD8-300C-9A06-2D7B2C91ED9A}.MinSizeRel|Win32.ActiveCfg = MinSizeRel|Win32
		{38AF7F0B-8CD8-300C-9A06-2D7B2C91ED9A}.RelWithDebInfo|Win32.ActiveCfg = RelWithDebInfo|Win32
		{6F770FB8-5AC6-36A8-B5B2-CD56E1C5B37B}.Debug|Win32.ActiveCfg = Debug|Win32
		{6F770FB8-5AC6-36A8-B5B2-CD56E1C5B37B}.Debug|Win32.Build.0 = Debug|Win32
		{6F770FB8-5AC6-36A8-B5B2-CD56E1C5B37B}.Release|Win32.ActiveCfg = Release|Win32
		{6F770FB8-5AC6-36A8-B5B2-CD56E1C5B37B}.Release|Win32.Build.0 = Release|Win32
		{6F770FB8-5AC6-36A8-B5B2-CD56E1C5B37B}.MinSizeRel|Win32.ActiveCfg = MinSizeRel|Win32
		{6F770FB8-5AC6-36A8-B5B2-CD56E1C5B37B}.MinSizeRel|Win32.Build.0 = MinSizeRel|Win32
		{6F770FB8-5AC6-36A8-B5B2-CD56E1C5B37B}.RelWithDebInfo|Win32.ActiveCfg = RelWithDebInfo|Win32
		{6F770FB8-5AC6-36A8-B5B2-CD56E1C5B37B}.RelWithDebInfo|Win32.Build.0 = RelWithDebInfo|Win32
		{EA8A5DBD-1B91-3BC2-B428-3768F27A3B23}.Debug|Win32.ActiveCfg = Debug|Win32
		{EA8A5DBD-1B91-3BC2-B428-3768F27A3B23}.Debug|Win32.Build.0 = Debug|Win32
		{EA8A5DBD-1B91-3BC2-B428-3768F27A3B23}.Release|Win32.ActiveCfg = Release|Win32
		{EA8A5DBD-1B91-3BC2-B428-3768F27A3B23}.Release|Win32.Build.0 = Release|Win32
		{EA8A5DBD-1B91-3BC2-B428-3768F27A3B23}.MinSizeRel|Win32.ActiveCfg = MinSizeRel|Win32
		{EA8A5DBD-1B91-3BC2-B428-3768F27A3B23}.MinSizeRel|Win32.Build.0 = MinSizeRel|Win32
		{EA8A5DBD-1B91-3BC2-B428-3768F27A3B23}.RelWithDebInfo|Win32.ActiveCfg = RelWithDebInfo|Win32
		{EA8A5DBD-1B91-3BC2-B428-3768F27A3B23}.RelWithDebInfo|Win32.Build.0 = RelWithDebInfo|Win32
		{DE60DE4D-9ADA-37D8-9D8B-79939CE2435A}.Debug|Win32.ActiveCfg = Debug|Win32
		{DE60DE4D-9ADA-37D8-9D8B-79939CE2435A}.Debug|Win32.Build.0 = Debug|Win32
		{DE60DE4D-9ADA-37D8-9D8B-79939CE2435A}.Release|Win32.ActiveCfg = Release|Win32
		{DE60DE4D-9ADA-37D8-9D8B-79939CE2435A}.Release|Win32.Build.0 = Release|Win32
		{DE60DE4D-9ADA-37D8-9D8B-79939CE2435A}.MinSizeRel|Win32.ActiveCfg = MinSizeRel|Win32
		{DE60DE4D-9ADA-37D8-9D8B-79939CE2435A}.MinSizeRel|Win32.Build.0 = MinSizeRel|Win32
		{DE60DE4D-9ADA-37D8-9D8B-79939CE2435A}.RelWithDebInfo|Win32.ActiveCfg = RelWithDebInfo|Win32
		{DE60DE4D-9ADA-37D8-9D8B-79939CE2435A}.RelWithDebInfo|Win32.Build.0 = RelWithDebInfo|Win32
		{96D3DA3B-01F1-33C5-A779-57D503E45928}.Debug|Win32.ActiveCfg = Debug|Win32
		{96D3DA3B-01F1-33C5-A779-57D503E45928}.Debug|Win32.Build.0 = Debug|Win32
		{96D3DA3B-01F1-33C5-A779-57D503E45928}.Release|Win32.ActiveCfg = Release|Win32
		{96D3DA3B-01F1-33C5-A779-57D503E45928}.Release|Win32.Build.0 = Release|Win32
		{96D3DA3B-01F1-33C5-A779-57D503E45928}.MinSizeRel|Win32.ActiveCfg = MinSizeRel|Win32
		{96D3DA3B-01F1-33C5-A779-57D503E45928}.MinSizeRel|Win32.Build.0 = MinSizeRel|Win32
		{96D3DA3B-01F1-33C5-A779-57D503E45928}.RelWithDebInfo|Win32.ActiveCfg = RelWithDebInfo|Win32
		{96D3DA3B-01F1-33C5-A779-57D503E45928}.RelWithDebInfo|Win32.Build.0 = RelWithDebInfo|Win32
		{1B668BF8-AC36-32C1-ABD0-D82A0D7B9B55}.Debug|Win32.ActiveCfg = Debug|Win32
		{1B668BF8-AC36-32C1-ABD0-D82A0D7B9B55}.Debug|Win32.Build.0 = Debug|Win32
		{1B668BF8-AC36-32C1-ABD0-D82A0D7B9B55}.Release|Win32.ActiveCfg = Release|Win32
		{1B668BF8-AC36-32C1-ABD0-D82A0D7B9B55}.Release|Win32.Build.0 = Release|Win32
		{1B668BF8-AC36-32C1-ABD0-D82A0D7B9B55}.MinSizeRel|Win32.ActiveCfg = MinSizeRel|Win32
		{1B668BF8-AC36-32C1-ABD0-D82A0D7B9B55}.MinSizeRel|Win32.Build.0 = MinSizeRel|Win32
		{1B668BF8-AC36-32C1-ABD0-D82A0D7B9B55}.RelWithDebInfo|Win32.ActiveCfg = RelWithDebInfo|Win32
		{1B668BF8-AC36-32C1-ABD0-D82A0D7B9B55}.RelWithDebInfo|Win32.Build.0 = RelWithDebInfo|Win32
		{B6193EE8-D7D6-396E-B0E0-5B76521E5D51}.Debug|Win32.ActiveCfg = Debug|Win32
		{B6193EE8-D7D6-396E-B0E0-5B76521E5D51}.Debug|Win32.Build.0 = Debug|Win32
		{B6193EE8-D7D6-396E-B0E0-5B76521E5D51}.Release|Win32.ActiveCfg = Release|Win32
		{B6193EE8-D7D6-396E-B0E0-5B76521E5D51}.Release|Win32.Build.0 = Release|Win32
		{B6193EE8-D7D6-396E-B0E0-5B76521E5D51}.MinSizeRel|Win32.ActiveCfg = MinSizeRel|Win32
		{B6193EE8-D7D6-396E-B0E0-5B76521E5D51}.MinSizeRel|Win32.Build.0 = MinSizeRel|Win32
		{B6193EE8-D7D6-396E-B0E0-5B76521E5D51}.RelWithDebInfo|Win32.ActiveCfg = RelWithDebInfo|Win32
		{B6193EE8-D7D6-396E-B0E0-5B76521E5D51}.RelWithDebInfo|Win32.Build.0 = RelWithDebInfo|Win32
		{1FF6DCE6-5F3B-3C0D-9B5F-F6EF573DF014}.Debug|Win32.ActiveCfg = Debug|Win32
		{1FF6DCE6-5F3B-3C0D-9B5F-F6EF573DF014}.Debug|Win32.Build.0 = Debug|Win32
		{1FF6DCE6-5F3B-3C0D-9B5F-F6EF573DF014}.Release|Win32.ActiveCfg = Release|Win32
		{1FF6DCE6-5F3B-3C0D-9B5F-F6EF573DF014}.Release|Win32.Build.0 = Release|Win32
		{1FF6DCE6-5F3B-3C0D-9B5F-F6EF573DF014}.MinSizeRel|Win32.ActiveCfg = MinSizeRel|Win32
		{1FF6DCE6-5F3B-3C0D-9B5F-F6EF573DF014}.MinSizeRel|Win32.Build.0 = MinSizeRel|Win32
		{1FF6DCE6-5F3B-3C0D-9B5F-F6EF573DF014}.RelWithDebInfo|Win32.ActiveCfg = RelWithDebInfo|Win32
		{1FF6DCE6-5F3B-3C0D-9B5F-F6EF573DF014}.RelWithDebInfo|Win32.Build.0 = RelWithDebInfo|Win32
		{7C38ECAB-7236-38AB-8831-8437DE4ADD6E}.Debug|Win32.ActiveCfg = Debug|Win32
		{7C38ECAB-7236-38AB-8831-8437DE4ADD6E}.Debug|Win32.Build.0 = Debug|Win32
		{7C38ECAB-7236-38AB-8831-8437DE4ADD6E}.Release|Win32.ActiveCfg = Release|Win32
		{7C38ECAB-7236-38AB-8831-8437DE4ADD6E}.Release|Win32.Build.0 = Release|Win32
		{7C38ECAB-7236-38AB-8831-8437DE4ADD6E}.MinSizeRel|Win32.ActiveCfg = MinSizeRel|Win32
		{7C38ECAB-7236-38AB-8831-8437DE4ADD6E}.MinSizeRel|Win32.Build.0 = MinSizeRel|Win32
		{7C38ECAB-7236-38AB-8831-8437DE4ADD6E}.RelWithDebInfo|Win32.ActiveCfg = RelWithDebInfo|Win32
		{7C38ECAB-7236-38AB-8831-8437DE4ADD6E}.RelWithDebInfo|Win32.Build.0 = RelWithDebInfo|Win32
		{C7CCB374-0CAD-34B6-A932-9135282897E8}.Debug|Win32.ActiveCfg = Debug|Win32
		{C7CCB374-0CAD-34B6-A932-9135282897E8}.Debug|Win32.Build.0 = Debug|Win32
		{C7CCB374-0CAD-34B6-A932-9135282897E8}.Release|Win32.ActiveCfg = Release|Win32
		{C7CCB374-0CAD-34B6-A932-9135282897E8}.Release|Win32.Build.0 = Release|Win32
		{C7CCB374-0CAD-34B6-A932-9135282897E8}.MinSizeRel|Win32.ActiveCfg = MinSizeRel|Win32
		{C7CCB374-0CAD-34B6-A932-9135282897E8}.MinSizeRel|Win32.Build.0 = MinSizeRel|Win32
		{C7CCB374-0CAD-34B6-A932-9135282897E8}.RelWithDebInfo|Win32.ActiveCfg = RelWithDebInfo|Win32
		{C7CCB374-0CAD-34B6-A932-9135282897E8}.RelWithDebInfo|Win32.Build.0 = RelWithDebInfo|Win32
		{D0764273-B68A-363C-AEE9-32659F5CBDE4}.Debug|Win32.ActiveCfg = Debug|Win32
		{D0764273-B68A-363C-AEE9-32659F5CBDE4}.Debug|Win32.Build.0 = Debug|Win32
		{D0764273-B68A-363C-AEE9-32659F5CBDE4}.Release|Win32.ActiveCfg = Release|Win32
		{D0764273-B68A-363C-AEE9-32659F5CBDE4}.Release|Win32.Build.0 = Release|Win32
		{D0764273-B68A-363C-AEE9-32659F5CBDE4}.MinSizeRel|Win32.ActiveCfg = MinSizeRel|Win32
		{D0764273-B68A-363C-AEE9-32659F5CBDE4}.MinSizeRel|Win32.Build.0 = MinSizeRel|Win32
		{D0764273-B68A-363C-AEE9-32659F5CBDE4}.RelWithDebInfo|Win32.ActiveCfg = RelWithDebInfo|Win32
		{D0764273-B68A-363C-AEE9-32659F5CBDE4}.RelWithDebInfo|Win32.Build.0 = RelWithDebInfo|Win32
		{18CEFA2E-3C75-3269-A375-9E4170B0E745}.Debug|Win32.ActiveCfg = Debug|Win32
		{18CEFA2E-3C75-3269-A375-9E4170B0E745}.Debug|Win32.Build.0 = Debug|Win32
		{18CEFA2E-3C75-3269-A375-9E4170B0E745}.Release|Win32.ActiveCfg = Release|Win32
		{18CEFA2E-3C75-3269-A375-9E4170B0E745}.Release|Win32.Build.0 = Release|Win32
		{18CEFA2E-3C75-3269-A375-9E4170B0E745}.MinSizeRel|Win32.ActiveCfg = MinSizeRel|Win32
		{18CEFA2E-3C75-3269-A375-9E4170B0E745}.MinSizeRel|Win32.Build.0 = MinSizeRel|Win32
		{18CEFA2E-3C75-3269-A375-9E4170B0E745}.RelWithDebInfo|Win32.ActiveCfg = RelWithDebInfo|Win32
		{18CEFA2E-3C75-3269-A375-9E4170B0E745}.RelWithDebInfo|Win32.Build.0 = RelWithDebInfo|Win32
	EndGlobalSection
	GlobalSection(ExtensibilityGlobals) = postSolution
		SolutionGuid = {BE643A5C-8298-3B1C-899F-389E4B3747A6}
	EndGlobalSection
	GlobalSection(ExtensibilityAddIns) = postSolution
	EndGlobalSection
EndGlobal
